
Microsoft Visual Studio Solution File, Format Version 12.00
# Visual Studio Version 17
VisualStudioVersion = 17.10.34607.79
MinimumVisualStudioVersion = 10.0.40219.1
Project("{9A19103F-16F7-4668-BE54-9A1E7A4F7556}") = "Undersoft.SVC", "src\Undersoft.SVC\Undersoft.SVC.csproj", "{4A696CC5-E58D-4EC7-9E4F-B54A11C884E9}"
EndProject
Project("{9A19103F-16F7-4668-BE54-9A1E7A4F7556}") = "Undersoft.SVC.Service", "src\Undersoft.SVC.Service\Undersoft.SVC.Service.csproj", "{FC1C8985-C4AA-4719-8ED1-4E148309C6D2}"
EndProject
Project("{9A19103F-16F7-4668-BE54-9A1E7A4F7556}") = "Undersoft.SVC.Service.Application", "src\Undersoft.SVC.Service.Application\Undersoft.SVC.Service.Application.csproj", "{63AE8381-D1A8-448D-BB10-A431A583000D}"
EndProject
Project("{9A19103F-16F7-4668-BE54-9A1E7A4F7556}") = "Undersoft.SVC.Service.Application.Client", "src\Undersoft.SVC.Service.Application.Client\Undersoft.SVC.Service.Application.Client.csproj", "{29BCD049-E07B-4C1D-8B94-701C5FC6CD9F}"
EndProject
Project("{9A19103F-16F7-4668-BE54-9A1E7A4F7556}") = "Undersoft.SVC.Service.Application.GUI", "src\Undersoft.SVC.Service.Application.GUI\Undersoft.SVC.Service.Application.GUI.csproj", "{E848C6B2-9897-48F8-ABAA-ABFADC93CCAF}"
EndProject
Project("{9A19103F-16F7-4668-BE54-9A1E7A4F7556}") = "Undersoft.SVC.Service.Application.Hybrid", "src\Undersoft.SVC.Service.Application.Hybrid\Undersoft.SVC.Service.Application.Hybrid.csproj", "{05709E22-BA3B-47EE-BFB6-F543C13A93CF}"
EndProject
Project("{9A19103F-16F7-4668-BE54-9A1E7A4F7556}") = "Undersoft.SVC.Service.Application.Server", "src\Undersoft.SVC.Service.Application.Server\Undersoft.SVC.Service.Application.Server.csproj", "{F74676E7-C3C1-4EA7-9810-5E0616B06593}"
EndProject
Project("{9A19103F-16F7-4668-BE54-9A1E7A4F7556}") = "Undersoft.SVC.Service.Infrastructure", "src\Undersoft.SVC.Service.Infrastructure\Undersoft.SVC.Service.Infrastructure.csproj", "{FDE5408D-9B37-43DB-A262-B70E0A7B3EE9}"
EndProject
Project("{9A19103F-16F7-4668-BE54-9A1E7A4F7556}") = "Undersoft.SVC.Service.Server", "src\Undersoft.SVC.Service.Server\Undersoft.SVC.Service.Server.csproj", "{02ED5E6B-9F32-4149-A362-F2F698FB1A21}"
EndProject
Project("{2150E333-8FDC-42A3-9474-1A3956D46DE8}") = "SVC", "SVC", "{33914348-8B86-4972-9F34-FE91FB407E38}"
EndProject
Project("{9A19103F-16F7-4668-BE54-9A1E7A4F7556}") = "Undersoft.SVC.Service.Server.Catalogs", "src\Undersoft.SVC.Service.Server.Catalogs\Undersoft.SVC.Service.Server.Catalogs.csproj", "{03D278FE-EB3D-46C6-8E54-C7889ED0BC23}"
EndProject
Project("{9A19103F-16F7-4668-BE54-9A1E7A4F7556}") = "Undersoft.SVC.Service.Server.Inventory", "src\Undersoft.SVC.Service.Server.Inventory\Undersoft.SVC.Service.Server.Inventory.csproj", "{24B023ED-CBE5-4CA6-A8DB-E7601FB05AA0}"
EndProject
Project("{9A19103F-16F7-4668-BE54-9A1E7A4F7556}") = "Undersoft.SVC.Service.Server.Vaccination", "src\Undersoft.SVC.Service.Server.Vaccination\Undersoft.SVC.Service.Server.Vaccination.csproj", "{28BB558C-EEDA-4658-8984-3E7C0EDEA028}"
EndProject
Project("{2150E333-8FDC-42A3-9474-1A3956D46DE8}") = "Solution Items", "Solution Items", "{B0C373D0-818C-4C9E-BA38-07E4B85D445E}"
EndProject
Project("{2150E333-8FDC-42A3-9474-1A3956D46DE8}") = "SDK", "SDK", "{F2CAC178-16D8-4C03-8CA1-A6CE4CDB17E4}"
EndProject
Project("{8BC9CEB8-8B4A-11D0-8D11-00A0C91BC942}") = "Undersoft.SDK.Native", "..\SDK\src\Undersoft.SDK.Native\Undersoft.SDK.Native.vcxproj", "{6F17CBA5-8B7E-4E57-BF52-E1A125B0FFBC}"
EndProject
Project("{9A19103F-16F7-4668-BE54-9A1E7A4F7556}") = "Undersoft.SDK.Service.Server", "..\SDK\src\Undersoft.SDK.Service.Server\Undersoft.SDK.Service.Server.csproj", "{909377E2-C610-47D6-8E66-A34BB2D37B16}"
EndProject
Project("{9A19103F-16F7-4668-BE54-9A1E7A4F7556}") = "Undersoft.SDK.Service.Infrastructure", "..\SDK\src\Undersoft.SDK.Service.Infrastructure\Undersoft.SDK.Service.Infrastructure.csproj", "{F66B4E23-26C2-46DD-9CB6-B7F19D1D3064}"
EndProject
Project("{9A19103F-16F7-4668-BE54-9A1E7A4F7556}") = "Undersoft.SDK.Service.Application.Server", "..\SDK\src\Undersoft.SDK.Service.Application.Server\Undersoft.SDK.Service.Application.Server.csproj", "{34B8E9A7-70F0-483F-97FF-C5196811511A}"
EndProject
Project("{9A19103F-16F7-4668-BE54-9A1E7A4F7556}") = "Undersoft.SDK.Service.Application.GUI", "..\SDK\src\Undersoft.SDK.Service.Application.GUI\Undersoft.SDK.Service.Application.GUI.csproj", "{864DA00F-85C0-4D0D-A597-3D1EF8C37614}"
EndProject
Project("{9A19103F-16F7-4668-BE54-9A1E7A4F7556}") = "Undersoft.SDK.Service.Application", "..\SDK\src\Undersoft.SDK.Service.Application\Undersoft.SDK.Service.Application.csproj", "{D08C49BE-9776-4354-AC8D-186A4A282610}"
EndProject
Project("{9A19103F-16F7-4668-BE54-9A1E7A4F7556}") = "Undersoft.SDK.Service", "..\SDK\src\Undersoft.SDK.Service\Undersoft.SDK.Service.csproj", "{2B5CB846-8949-492D-BF02-601C39E0D21F}"
EndProject
Project("{9A19103F-16F7-4668-BE54-9A1E7A4F7556}") = "Undersoft.SDK", "..\SDK\src\Undersoft.SDK\Undersoft.SDK.csproj", "{FFC84D8D-F4E3-41E1-953D-58D2223EF78C}"
EndProject
Global
	GlobalSection(SolutionConfigurationPlatforms) = preSolution
		Debug|Any CPU = Debug|Any CPU
		Debug|x64 = Debug|x64
		Debug|x86 = Debug|x86
		Release|Any CPU = Release|Any CPU
		Release|x64 = Release|x64
		Release|x86 = Release|x86
	EndGlobalSection
	GlobalSection(ProjectConfigurationPlatforms) = postSolution
		{4A696CC5-E58D-4EC7-9E4F-B54A11C884E9}.Debug|Any CPU.ActiveCfg = Debug|Any CPU
		{4A696CC5-E58D-4EC7-9E4F-B54A11C884E9}.Debug|Any CPU.Build.0 = Debug|Any CPU
		{4A696CC5-E58D-4EC7-9E4F-B54A11C884E9}.Debug|x64.ActiveCfg = Debug|Any CPU
		{4A696CC5-E58D-4EC7-9E4F-B54A11C884E9}.Debug|x64.Build.0 = Debug|Any CPU
		{4A696CC5-E58D-4EC7-9E4F-B54A11C884E9}.Debug|x86.ActiveCfg = Debug|Any CPU
		{4A696CC5-E58D-4EC7-9E4F-B54A11C884E9}.Debug|x86.Build.0 = Debug|Any CPU
		{4A696CC5-E58D-4EC7-9E4F-B54A11C884E9}.Release|Any CPU.ActiveCfg = Release|Any CPU
		{4A696CC5-E58D-4EC7-9E4F-B54A11C884E9}.Release|Any CPU.Build.0 = Release|Any CPU
		{4A696CC5-E58D-4EC7-9E4F-B54A11C884E9}.Release|x64.ActiveCfg = Release|Any CPU
		{4A696CC5-E58D-4EC7-9E4F-B54A11C884E9}.Release|x64.Build.0 = Release|Any CPU
		{4A696CC5-E58D-4EC7-9E4F-B54A11C884E9}.Release|x86.ActiveCfg = Release|Any CPU
		{4A696CC5-E58D-4EC7-9E4F-B54A11C884E9}.Release|x86.Build.0 = Release|Any CPU
		{FC1C8985-C4AA-4719-8ED1-4E148309C6D2}.Debug|Any CPU.ActiveCfg = Debug|Any CPU
		{FC1C8985-C4AA-4719-8ED1-4E148309C6D2}.Debug|Any CPU.Build.0 = Debug|Any CPU
		{FC1C8985-C4AA-4719-8ED1-4E148309C6D2}.Debug|x64.ActiveCfg = Debug|Any CPU
		{FC1C8985-C4AA-4719-8ED1-4E148309C6D2}.Debug|x64.Build.0 = Debug|Any CPU
		{FC1C8985-C4AA-4719-8ED1-4E148309C6D2}.Debug|x86.ActiveCfg = Debug|Any CPU
		{FC1C8985-C4AA-4719-8ED1-4E148309C6D2}.Debug|x86.Build.0 = Debug|Any CPU
		{FC1C8985-C4AA-4719-8ED1-4E148309C6D2}.Release|Any CPU.ActiveCfg = Release|Any CPU
		{FC1C8985-C4AA-4719-8ED1-4E148309C6D2}.Release|Any CPU.Build.0 = Release|Any CPU
		{FC1C8985-C4AA-4719-8ED1-4E148309C6D2}.Release|x64.ActiveCfg = Release|Any CPU
		{FC1C8985-C4AA-4719-8ED1-4E148309C6D2}.Release|x64.Build.0 = Release|Any CPU
		{FC1C8985-C4AA-4719-8ED1-4E148309C6D2}.Release|x86.ActiveCfg = Release|Any CPU
		{FC1C8985-C4AA-4719-8ED1-4E148309C6D2}.Release|x86.Build.0 = Release|Any CPU
		{63AE8381-D1A8-448D-BB10-A431A583000D}.Debug|Any CPU.ActiveCfg = Debug|Any CPU
		{63AE8381-D1A8-448D-BB10-A431A583000D}.Debug|Any CPU.Build.0 = Debug|Any CPU
		{63AE8381-D1A8-448D-BB10-A431A583000D}.Debug|x64.ActiveCfg = Debug|Any CPU
		{63AE8381-D1A8-448D-BB10-A431A583000D}.Debug|x64.Build.0 = Debug|Any CPU
		{63AE8381-D1A8-448D-BB10-A431A583000D}.Debug|x86.ActiveCfg = Debug|Any CPU
		{63AE8381-D1A8-448D-BB10-A431A583000D}.Debug|x86.Build.0 = Debug|Any CPU
		{63AE8381-D1A8-448D-BB10-A431A583000D}.Release|Any CPU.ActiveCfg = Release|Any CPU
		{63AE8381-D1A8-448D-BB10-A431A583000D}.Release|Any CPU.Build.0 = Release|Any CPU
		{63AE8381-D1A8-448D-BB10-A431A583000D}.Release|x64.ActiveCfg = Release|Any CPU
		{63AE8381-D1A8-448D-BB10-A431A583000D}.Release|x64.Build.0 = Release|Any CPU
		{63AE8381-D1A8-448D-BB10-A431A583000D}.Release|x86.ActiveCfg = Release|Any CPU
		{63AE8381-D1A8-448D-BB10-A431A583000D}.Release|x86.Build.0 = Release|Any CPU
		{29BCD049-E07B-4C1D-8B94-701C5FC6CD9F}.Debug|Any CPU.ActiveCfg = Debug|Any CPU
		{29BCD049-E07B-4C1D-8B94-701C5FC6CD9F}.Debug|Any CPU.Build.0 = Debug|Any CPU
		{29BCD049-E07B-4C1D-8B94-701C5FC6CD9F}.Debug|x64.ActiveCfg = Debug|Any CPU
		{29BCD049-E07B-4C1D-8B94-701C5FC6CD9F}.Debug|x64.Build.0 = Debug|Any CPU
		{29BCD049-E07B-4C1D-8B94-701C5FC6CD9F}.Debug|x86.ActiveCfg = Debug|Any CPU
		{29BCD049-E07B-4C1D-8B94-701C5FC6CD9F}.Debug|x86.Build.0 = Debug|Any CPU
		{29BCD049-E07B-4C1D-8B94-701C5FC6CD9F}.Release|Any CPU.ActiveCfg = Release|Any CPU
		{29BCD049-E07B-4C1D-8B94-701C5FC6CD9F}.Release|Any CPU.Build.0 = Release|Any CPU
		{29BCD049-E07B-4C1D-8B94-701C5FC6CD9F}.Release|x64.ActiveCfg = Release|Any CPU
		{29BCD049-E07B-4C1D-8B94-701C5FC6CD9F}.Release|x64.Build.0 = Release|Any CPU
		{29BCD049-E07B-4C1D-8B94-701C5FC6CD9F}.Release|x86.ActiveCfg = Release|Any CPU
		{29BCD049-E07B-4C1D-8B94-701C5FC6CD9F}.Release|x86.Build.0 = Release|Any CPU
		{E848C6B2-9897-48F8-ABAA-ABFADC93CCAF}.Debug|Any CPU.ActiveCfg = Debug|Any CPU
		{E848C6B2-9897-48F8-ABAA-ABFADC93CCAF}.Debug|Any CPU.Build.0 = Debug|Any CPU
		{E848C6B2-9897-48F8-ABAA-ABFADC93CCAF}.Debug|x64.ActiveCfg = Debug|Any CPU
		{E848C6B2-9897-48F8-ABAA-ABFADC93CCAF}.Debug|x64.Build.0 = Debug|Any CPU
		{E848C6B2-9897-48F8-ABAA-ABFADC93CCAF}.Debug|x86.ActiveCfg = Debug|Any CPU
		{E848C6B2-9897-48F8-ABAA-ABFADC93CCAF}.Debug|x86.Build.0 = Debug|Any CPU
		{E848C6B2-9897-48F8-ABAA-ABFADC93CCAF}.Release|Any CPU.ActiveCfg = Release|Any CPU
		{E848C6B2-9897-48F8-ABAA-ABFADC93CCAF}.Release|Any CPU.Build.0 = Release|Any CPU
		{E848C6B2-9897-48F8-ABAA-ABFADC93CCAF}.Release|x64.ActiveCfg = Release|Any CPU
		{E848C6B2-9897-48F8-ABAA-ABFADC93CCAF}.Release|x64.Build.0 = Release|Any CPU
		{E848C6B2-9897-48F8-ABAA-ABFADC93CCAF}.Release|x86.ActiveCfg = Release|Any CPU
		{E848C6B2-9897-48F8-ABAA-ABFADC93CCAF}.Release|x86.Build.0 = Release|Any CPU
		{05709E22-BA3B-47EE-BFB6-F543C13A93CF}.Debug|Any CPU.ActiveCfg = Debug|Any CPU
		{05709E22-BA3B-47EE-BFB6-F543C13A93CF}.Debug|Any CPU.Build.0 = Debug|Any CPU
		{05709E22-BA3B-47EE-BFB6-F543C13A93CF}.Debug|Any CPU.Deploy.0 = Debug|Any CPU
		{05709E22-BA3B-47EE-BFB6-F543C13A93CF}.Debug|x64.ActiveCfg = Debug|Any CPU
		{05709E22-BA3B-47EE-BFB6-F543C13A93CF}.Debug|x64.Build.0 = Debug|Any CPU
		{05709E22-BA3B-47EE-BFB6-F543C13A93CF}.Debug|x64.Deploy.0 = Debug|Any CPU
		{05709E22-BA3B-47EE-BFB6-F543C13A93CF}.Debug|x86.ActiveCfg = Debug|Any CPU
		{05709E22-BA3B-47EE-BFB6-F543C13A93CF}.Debug|x86.Build.0 = Debug|Any CPU
		{05709E22-BA3B-47EE-BFB6-F543C13A93CF}.Debug|x86.Deploy.0 = Debug|Any CPU
		{05709E22-BA3B-47EE-BFB6-F543C13A93CF}.Release|Any CPU.ActiveCfg = Release|Any CPU
		{05709E22-BA3B-47EE-BFB6-F543C13A93CF}.Release|Any CPU.Build.0 = Release|Any CPU
		{05709E22-BA3B-47EE-BFB6-F543C13A93CF}.Release|Any CPU.Deploy.0 = Release|Any CPU
		{05709E22-BA3B-47EE-BFB6-F543C13A93CF}.Release|x64.ActiveCfg = Release|Any CPU
		{05709E22-BA3B-47EE-BFB6-F543C13A93CF}.Release|x64.Build.0 = Release|Any CPU
		{05709E22-BA3B-47EE-BFB6-F543C13A93CF}.Release|x64.Deploy.0 = Release|Any CPU
		{05709E22-BA3B-47EE-BFB6-F543C13A93CF}.Release|x86.ActiveCfg = Release|Any CPU
		{05709E22-BA3B-47EE-BFB6-F543C13A93CF}.Release|x86.Build.0 = Release|Any CPU
		{05709E22-BA3B-47EE-BFB6-F543C13A93CF}.Release|x86.Deploy.0 = Release|Any CPU
		{F74676E7-C3C1-4EA7-9810-5E0616B06593}.Debug|Any CPU.ActiveCfg = Debug|Any CPU
		{F74676E7-C3C1-4EA7-9810-5E0616B06593}.Debug|Any CPU.Build.0 = Debug|Any CPU
		{F74676E7-C3C1-4EA7-9810-5E0616B06593}.Debug|x64.ActiveCfg = Debug|Any CPU
		{F74676E7-C3C1-4EA7-9810-5E0616B06593}.Debug|x64.Build.0 = Debug|Any CPU
		{F74676E7-C3C1-4EA7-9810-5E0616B06593}.Debug|x86.ActiveCfg = Debug|Any CPU
		{F74676E7-C3C1-4EA7-9810-5E0616B06593}.Debug|x86.Build.0 = Debug|Any CPU
		{F74676E7-C3C1-4EA7-9810-5E0616B06593}.Release|Any CPU.ActiveCfg = Release|Any CPU
		{F74676E7-C3C1-4EA7-9810-5E0616B06593}.Release|Any CPU.Build.0 = Release|Any CPU
		{F74676E7-C3C1-4EA7-9810-5E0616B06593}.Release|x64.ActiveCfg = Release|Any CPU
		{F74676E7-C3C1-4EA7-9810-5E0616B06593}.Release|x64.Build.0 = Release|Any CPU
		{F74676E7-C3C1-4EA7-9810-5E0616B06593}.Release|x86.ActiveCfg = Release|Any CPU
		{F74676E7-C3C1-4EA7-9810-5E0616B06593}.Release|x86.Build.0 = Release|Any CPU
		{FDE5408D-9B37-43DB-A262-B70E0A7B3EE9}.Debug|Any CPU.ActiveCfg = Debug|Any CPU
		{FDE5408D-9B37-43DB-A262-B70E0A7B3EE9}.Debug|Any CPU.Build.0 = Debug|Any CPU
		{FDE5408D-9B37-43DB-A262-B70E0A7B3EE9}.Debug|x64.ActiveCfg = Debug|Any CPU
		{FDE5408D-9B37-43DB-A262-B70E0A7B3EE9}.Debug|x64.Build.0 = Debug|Any CPU
		{FDE5408D-9B37-43DB-A262-B70E0A7B3EE9}.Debug|x86.ActiveCfg = Debug|Any CPU
		{FDE5408D-9B37-43DB-A262-B70E0A7B3EE9}.Debug|x86.Build.0 = Debug|Any CPU
		{FDE5408D-9B37-43DB-A262-B70E0A7B3EE9}.Release|Any CPU.ActiveCfg = Release|Any CPU
		{FDE5408D-9B37-43DB-A262-B70E0A7B3EE9}.Release|Any CPU.Build.0 = Release|Any CPU
		{FDE5408D-9B37-43DB-A262-B70E0A7B3EE9}.Release|x64.ActiveCfg = Release|Any CPU
		{FDE5408D-9B37-43DB-A262-B70E0A7B3EE9}.Release|x64.Build.0 = Release|Any CPU
		{FDE5408D-9B37-43DB-A262-B70E0A7B3EE9}.Release|x86.ActiveCfg = Release|Any CPU
		{FDE5408D-9B37-43DB-A262-B70E0A7B3EE9}.Release|x86.Build.0 = Release|Any CPU
		{02ED5E6B-9F32-4149-A362-F2F698FB1A21}.Debug|Any CPU.ActiveCfg = Debug|Any CPU
		{02ED5E6B-9F32-4149-A362-F2F698FB1A21}.Debug|Any CPU.Build.0 = Debug|Any CPU
		{02ED5E6B-9F32-4149-A362-F2F698FB1A21}.Debug|x64.ActiveCfg = Debug|Any CPU
		{02ED5E6B-9F32-4149-A362-F2F698FB1A21}.Debug|x64.Build.0 = Debug|Any CPU
		{02ED5E6B-9F32-4149-A362-F2F698FB1A21}.Debug|x86.ActiveCfg = Debug|Any CPU
		{02ED5E6B-9F32-4149-A362-F2F698FB1A21}.Debug|x86.Build.0 = Debug|Any CPU
		{02ED5E6B-9F32-4149-A362-F2F698FB1A21}.Release|Any CPU.ActiveCfg = Release|Any CPU
		{02ED5E6B-9F32-4149-A362-F2F698FB1A21}.Release|Any CPU.Build.0 = Release|Any CPU
		{02ED5E6B-9F32-4149-A362-F2F698FB1A21}.Release|x64.ActiveCfg = Release|Any CPU
		{02ED5E6B-9F32-4149-A362-F2F698FB1A21}.Release|x64.Build.0 = Release|Any CPU
		{02ED5E6B-9F32-4149-A362-F2F698FB1A21}.Release|x86.ActiveCfg = Release|Any CPU
		{02ED5E6B-9F32-4149-A362-F2F698FB1A21}.Release|x86.Build.0 = Release|Any CPU
		{03D278FE-EB3D-46C6-8E54-C7889ED0BC23}.Debug|Any CPU.ActiveCfg = Debug|Any CPU
		{03D278FE-EB3D-46C6-8E54-C7889ED0BC23}.Debug|Any CPU.Build.0 = Debug|Any CPU
		{03D278FE-EB3D-46C6-8E54-C7889ED0BC23}.Debug|x64.ActiveCfg = Debug|Any CPU
		{03D278FE-EB3D-46C6-8E54-C7889ED0BC23}.Debug|x64.Build.0 = Debug|Any CPU
		{03D278FE-EB3D-46C6-8E54-C7889ED0BC23}.Debug|x86.ActiveCfg = Debug|Any CPU
		{03D278FE-EB3D-46C6-8E54-C7889ED0BC23}.Debug|x86.Build.0 = Debug|Any CPU
		{03D278FE-EB3D-46C6-8E54-C7889ED0BC23}.Release|Any CPU.ActiveCfg = Release|Any CPU
		{03D278FE-EB3D-46C6-8E54-C7889ED0BC23}.Release|Any CPU.Build.0 = Release|Any CPU
		{03D278FE-EB3D-46C6-8E54-C7889ED0BC23}.Release|x64.ActiveCfg = Release|Any CPU
		{03D278FE-EB3D-46C6-8E54-C7889ED0BC23}.Release|x64.Build.0 = Release|Any CPU
		{03D278FE-EB3D-46C6-8E54-C7889ED0BC23}.Release|x86.ActiveCfg = Release|Any CPU
		{03D278FE-EB3D-46C6-8E54-C7889ED0BC23}.Release|x86.Build.0 = Release|Any CPU
		{24B023ED-CBE5-4CA6-A8DB-E7601FB05AA0}.Debug|Any CPU.ActiveCfg = Debug|Any CPU
		{24B023ED-CBE5-4CA6-A8DB-E7601FB05AA0}.Debug|Any CPU.Build.0 = Debug|Any CPU
		{24B023ED-CBE5-4CA6-A8DB-E7601FB05AA0}.Debug|x64.ActiveCfg = Debug|Any CPU
		{24B023ED-CBE5-4CA6-A8DB-E7601FB05AA0}.Debug|x64.Build.0 = Debug|Any CPU
		{24B023ED-CBE5-4CA6-A8DB-E7601FB05AA0}.Debug|x86.ActiveCfg = Debug|Any CPU
		{24B023ED-CBE5-4CA6-A8DB-E7601FB05AA0}.Debug|x86.Build.0 = Debug|Any CPU
		{24B023ED-CBE5-4CA6-A8DB-E7601FB05AA0}.Release|Any CPU.ActiveCfg = Release|Any CPU
		{24B023ED-CBE5-4CA6-A8DB-E7601FB05AA0}.Release|Any CPU.Build.0 = Release|Any CPU
		{24B023ED-CBE5-4CA6-A8DB-E7601FB05AA0}.Release|x64.ActiveCfg = Release|Any CPU
		{24B023ED-CBE5-4CA6-A8DB-E7601FB05AA0}.Release|x64.Build.0 = Release|Any CPU
		{24B023ED-CBE5-4CA6-A8DB-E7601FB05AA0}.Release|x86.ActiveCfg = Release|Any CPU
		{24B023ED-CBE5-4CA6-A8DB-E7601FB05AA0}.Release|x86.Build.0 = Release|Any CPU
		{28BB558C-EEDA-4658-8984-3E7C0EDEA028}.Debug|Any CPU.ActiveCfg = Debug|Any CPU
		{28BB558C-EEDA-4658-8984-3E7C0EDEA028}.Debug|Any CPU.Build.0 = Debug|Any CPU
		{28BB558C-EEDA-4658-8984-3E7C0EDEA028}.Debug|x64.ActiveCfg = Debug|Any CPU
		{28BB558C-EEDA-4658-8984-3E7C0EDEA028}.Debug|x64.Build.0 = Debug|Any CPU
		{28BB558C-EEDA-4658-8984-3E7C0EDEA028}.Debug|x86.ActiveCfg = Debug|Any CPU
		{28BB558C-EEDA-4658-8984-3E7C0EDEA028}.Debug|x86.Build.0 = Debug|Any CPU
		{28BB558C-EEDA-4658-8984-3E7C0EDEA028}.Release|Any CPU.ActiveCfg = Release|Any CPU
		{28BB558C-EEDA-4658-8984-3E7C0EDEA028}.Release|Any CPU.Build.0 = Release|Any CPU
		{28BB558C-EEDA-4658-8984-3E7C0EDEA028}.Release|x64.ActiveCfg = Release|Any CPU
		{28BB558C-EEDA-4658-8984-3E7C0EDEA028}.Release|x64.Build.0 = Release|Any CPU
		{28BB558C-EEDA-4658-8984-3E7C0EDEA028}.Release|x86.ActiveCfg = Release|Any CPU
		{28BB558C-EEDA-4658-8984-3E7C0EDEA028}.Release|x86.Build.0 = Release|Any CPU
		{6F17CBA5-8B7E-4E57-BF52-E1A125B0FFBC}.Debug|Any CPU.ActiveCfg = Debug|x64
		{6F17CBA5-8B7E-4E57-BF52-E1A125B0FFBC}.Debug|Any CPU.Build.0 = Debug|x64
		{6F17CBA5-8B7E-4E57-BF52-E1A125B0FFBC}.Debug|x64.ActiveCfg = Debug|x64
		{6F17CBA5-8B7E-4E57-BF52-E1A125B0FFBC}.Debug|x64.Build.0 = Debug|x64
		{6F17CBA5-8B7E-4E57-BF52-E1A125B0FFBC}.Debug|x86.ActiveCfg = Debug|Win32
		{6F17CBA5-8B7E-4E57-BF52-E1A125B0FFBC}.Debug|x86.Build.0 = Debug|Win32
		{6F17CBA5-8B7E-4E57-BF52-E1A125B0FFBC}.Release|Any CPU.ActiveCfg = Release|x64
		{6F17CBA5-8B7E-4E57-BF52-E1A125B0FFBC}.Release|Any CPU.Build.0 = Release|x64
		{6F17CBA5-8B7E-4E57-BF52-E1A125B0FFBC}.Release|x64.ActiveCfg = Release|x64
		{6F17CBA5-8B7E-4E57-BF52-E1A125B0FFBC}.Release|x64.Build.0 = Release|x64
		{6F17CBA5-8B7E-4E57-BF52-E1A125B0FFBC}.Release|x86.ActiveCfg = Release|Win32
		{6F17CBA5-8B7E-4E57-BF52-E1A125B0FFBC}.Release|x86.Build.0 = Release|Win32
		{909377E2-C610-47D6-8E66-A34BB2D37B16}.Debug|Any CPU.ActiveCfg = Debug|Any CPU
		{909377E2-C610-47D6-8E66-A34BB2D37B16}.Debug|Any CPU.Build.0 = Debug|Any CPU
		{909377E2-C610-47D6-8E66-A34BB2D37B16}.Debug|x64.ActiveCfg = Debug|Any CPU
		{909377E2-C610-47D6-8E66-A34BB2D37B16}.Debug|x64.Build.0 = Debug|Any CPU
		{909377E2-C610-47D6-8E66-A34BB2D37B16}.Debug|x86.ActiveCfg = Debug|Any CPU
		{909377E2-C610-47D6-8E66-A34BB2D37B16}.Debug|x86.Build.0 = Debug|Any CPU
		{909377E2-C610-47D6-8E66-A34BB2D37B16}.Release|Any CPU.ActiveCfg = Release|Any CPU
		{909377E2-C610-47D6-8E66-A34BB2D37B16}.Release|Any CPU.Build.0 = Release|Any CPU
		{909377E2-C610-47D6-8E66-A34BB2D37B16}.Release|x64.ActiveCfg = Release|Any CPU
		{909377E2-C610-47D6-8E66-A34BB2D37B16}.Release|x64.Build.0 = Release|Any CPU
		{909377E2-C610-47D6-8E66-A34BB2D37B16}.Release|x86.ActiveCfg = Release|Any CPU
		{909377E2-C610-47D6-8E66-A34BB2D37B16}.Release|x86.Build.0 = Release|Any CPU
		{F66B4E23-26C2-46DD-9CB6-B7F19D1D3064}.Debug|Any CPU.ActiveCfg = Debug|Any CPU
		{F66B4E23-26C2-46DD-9CB6-B7F19D1D3064}.Debug|Any CPU.Build.0 = Debug|Any CPU
		{F66B4E23-26C2-46DD-9CB6-B7F19D1D3064}.Debug|x64.ActiveCfg = Debug|Any CPU
		{F66B4E23-26C2-46DD-9CB6-B7F19D1D3064}.Debug|x64.Build.0 = Debug|Any CPU
		{F66B4E23-26C2-46DD-9CB6-B7F19D1D3064}.Debug|x86.ActiveCfg = Debug|Any CPU
		{F66B4E23-26C2-46DD-9CB6-B7F19D1D3064}.Debug|x86.Build.0 = Debug|Any CPU
		{F66B4E23-26C2-46DD-9CB6-B7F19D1D3064}.Release|Any CPU.ActiveCfg = Release|Any CPU
		{F66B4E23-26C2-46DD-9CB6-B7F19D1D3064}.Release|Any CPU.Build.0 = Release|Any CPU
		{F66B4E23-26C2-46DD-9CB6-B7F19D1D3064}.Release|x64.ActiveCfg = Release|Any CPU
		{F66B4E23-26C2-46DD-9CB6-B7F19D1D3064}.Release|x64.Build.0 = Release|Any CPU
		{F66B4E23-26C2-46DD-9CB6-B7F19D1D3064}.Release|x86.ActiveCfg = Release|Any CPU
		{F66B4E23-26C2-46DD-9CB6-B7F19D1D3064}.Release|x86.Build.0 = Release|Any CPU
		{34B8E9A7-70F0-483F-97FF-C5196811511A}.Debug|Any CPU.ActiveCfg = Debug|Any CPU
		{34B8E9A7-70F0-483F-97FF-C5196811511A}.Debug|Any CPU.Build.0 = Debug|Any CPU
		{34B8E9A7-70F0-483F-97FF-C5196811511A}.Debug|x64.ActiveCfg = Debug|Any CPU
		{34B8E9A7-70F0-483F-97FF-C5196811511A}.Debug|x64.Build.0 = Debug|Any CPU
		{34B8E9A7-70F0-483F-97FF-C5196811511A}.Debug|x86.ActiveCfg = Debug|Any CPU
		{34B8E9A7-70F0-483F-97FF-C5196811511A}.Debug|x86.Build.0 = Debug|Any CPU
		{34B8E9A7-70F0-483F-97FF-C5196811511A}.Release|Any CPU.ActiveCfg = Release|Any CPU
		{34B8E9A7-70F0-483F-97FF-C5196811511A}.Release|Any CPU.Build.0 = Release|Any CPU
		{34B8E9A7-70F0-483F-97FF-C5196811511A}.Release|x64.ActiveCfg = Release|Any CPU
		{34B8E9A7-70F0-483F-97FF-C5196811511A}.Release|x64.Build.0 = Release|Any CPU
		{34B8E9A7-70F0-483F-97FF-C5196811511A}.Release|x86.ActiveCfg = Release|Any CPU
		{34B8E9A7-70F0-483F-97FF-C5196811511A}.Release|x86.Build.0 = Release|Any CPU
		{864DA00F-85C0-4D0D-A597-3D1EF8C37614}.Debug|Any CPU.ActiveCfg = Debug|Any CPU
		{864DA00F-85C0-4D0D-A597-3D1EF8C37614}.Debug|Any CPU.Build.0 = Debug|Any CPU
		{864DA00F-85C0-4D0D-A597-3D1EF8C37614}.Debug|x64.ActiveCfg = Debug|Any CPU
		{864DA00F-85C0-4D0D-A597-3D1EF8C37614}.Debug|x64.Build.0 = Debug|Any CPU
		{864DA00F-85C0-4D0D-A597-3D1EF8C37614}.Debug|x86.ActiveCfg = Debug|Any CPU
		{864DA00F-85C0-4D0D-A597-3D1EF8C37614}.Debug|x86.Build.0 = Debug|Any CPU
		{864DA00F-85C0-4D0D-A597-3D1EF8C37614}.Release|Any CPU.ActiveCfg = Release|Any CPU
		{864DA00F-85C0-4D0D-A597-3D1EF8C37614}.Release|Any CPU.Build.0 = Release|Any CPU
		{864DA00F-85C0-4D0D-A597-3D1EF8C37614}.Release|x64.ActiveCfg = Release|Any CPU
		{864DA00F-85C0-4D0D-A597-3D1EF8C37614}.Release|x64.Build.0 = Release|Any CPU
		{864DA00F-85C0-4D0D-A597-3D1EF8C37614}.Release|x86.ActiveCfg = Release|Any CPU
		{864DA00F-85C0-4D0D-A597-3D1EF8C37614}.Release|x86.Build.0 = Release|Any CPU
		{D08C49BE-9776-4354-AC8D-186A4A282610}.Debug|Any CPU.ActiveCfg = Debug|Any CPU
		{D08C49BE-9776-4354-AC8D-186A4A282610}.Debug|Any CPU.Build.0 = Debug|Any CPU
		{D08C49BE-9776-4354-AC8D-186A4A282610}.Debug|x64.ActiveCfg = Debug|Any CPU
		{D08C49BE-9776-4354-AC8D-186A4A282610}.Debug|x64.Build.0 = Debug|Any CPU
		{D08C49BE-9776-4354-AC8D-186A4A282610}.Debug|x86.ActiveCfg = Debug|Any CPU
		{D08C49BE-9776-4354-AC8D-186A4A282610}.Debug|x86.Build.0 = Debug|Any CPU
		{D08C49BE-9776-4354-AC8D-186A4A282610}.Release|Any CPU.ActiveCfg = Release|Any CPU
		{D08C49BE-9776-4354-AC8D-186A4A282610}.Release|Any CPU.Build.0 = Release|Any CPU
		{D08C49BE-9776-4354-AC8D-186A4A282610}.Release|x64.ActiveCfg = Release|Any CPU
		{D08C49BE-9776-4354-AC8D-186A4A282610}.Release|x64.Build.0 = Release|Any CPU
		{D08C49BE-9776-4354-AC8D-186A4A282610}.Release|x86.ActiveCfg = Release|Any CPU
		{D08C49BE-9776-4354-AC8D-186A4A282610}.Release|x86.Build.0 = Release|Any CPU
		{2B5CB846-8949-492D-BF02-601C39E0D21F}.Debug|Any CPU.ActiveCfg = Debug|Any CPU
		{2B5CB846-8949-492D-BF02-601C39E0D21F}.Debug|Any CPU.Build.0 = Debug|Any CPU
		{2B5CB846-8949-492D-BF02-601C39E0D21F}.Debug|x64.ActiveCfg = Debug|Any CPU
		{2B5CB846-8949-492D-BF02-601C39E0D21F}.Debug|x64.Build.0 = Debug|Any CPU
		{2B5CB846-8949-492D-BF02-601C39E0D21F}.Debug|x86.ActiveCfg = Debug|Any CPU
		{2B5CB846-8949-492D-BF02-601C39E0D21F}.Debug|x86.Build.0 = Debug|Any CPU
		{2B5CB846-8949-492D-BF02-601C39E0D21F}.Release|Any CPU.ActiveCfg = Release|Any CPU
		{2B5CB846-8949-492D-BF02-601C39E0D21F}.Release|Any CPU.Build.0 = Release|Any CPU
		{2B5CB846-8949-492D-BF02-601C39E0D21F}.Release|x64.ActiveCfg = Release|Any CPU
		{2B5CB846-8949-492D-BF02-601C39E0D21F}.Release|x64.Build.0 = Release|Any CPU
		{2B5CB846-8949-492D-BF02-601C39E0D21F}.Release|x86.ActiveCfg = Release|Any CPU
		{2B5CB846-8949-492D-BF02-601C39E0D21F}.Release|x86.Build.0 = Release|Any CPU
		{FFC84D8D-F4E3-41E1-953D-58D2223EF78C}.Debug|Any CPU.ActiveCfg = Debug|Any CPU
		{FFC84D8D-F4E3-41E1-953D-58D2223EF78C}.Debug|Any CPU.Build.0 = Debug|Any CPU
		{FFC84D8D-F4E3-41E1-953D-58D2223EF78C}.Debug|x64.ActiveCfg = Debug|Any CPU
		{FFC84D8D-F4E3-41E1-953D-58D2223EF78C}.Debug|x64.Build.0 = Debug|Any CPU
		{FFC84D8D-F4E3-41E1-953D-58D2223EF78C}.Debug|x86.ActiveCfg = Debug|Any CPU
		{FFC84D8D-F4E3-41E1-953D-58D2223EF78C}.Debug|x86.Build.0 = Debug|Any CPU
		{FFC84D8D-F4E3-41E1-953D-58D2223EF78C}.Release|Any CPU.ActiveCfg = Release|Any CPU
		{FFC84D8D-F4E3-41E1-953D-58D2223EF78C}.Release|Any CPU.Build.0 = Release|Any CPU
		{FFC84D8D-F4E3-41E1-953D-58D2223EF78C}.Release|x64.ActiveCfg = Release|Any CPU
		{FFC84D8D-F4E3-41E1-953D-58D2223EF78C}.Release|x64.Build.0 = Release|Any CPU
		{FFC84D8D-F4E3-41E1-953D-58D2223EF78C}.Release|x86.ActiveCfg = Release|Any CPU
		{FFC84D8D-F4E3-41E1-953D-58D2223EF78C}.Release|x86.Build.0 = Release|Any CPU
	EndGlobalSection
	GlobalSection(SolutionProperties) = preSolution
		HideSolutionNode = FALSE
	EndGlobalSection
	GlobalSection(NestedProjects) = preSolution
		{4A696CC5-E58D-4EC7-9E4F-B54A11C884E9} = {33914348-8B86-4972-9F34-FE91FB407E38}
		{FC1C8985-C4AA-4719-8ED1-4E148309C6D2} = {33914348-8B86-4972-9F34-FE91FB407E38}
		{63AE8381-D1A8-448D-BB10-A431A583000D} = {33914348-8B86-4972-9F34-FE91FB407E38}
		{29BCD049-E07B-4C1D-8B94-701C5FC6CD9F} = {33914348-8B86-4972-9F34-FE91FB407E38}
		{E848C6B2-9897-48F8-ABAA-ABFADC93CCAF} = {33914348-8B86-4972-9F34-FE91FB407E38}
		{05709E22-BA3B-47EE-BFB6-F543C13A93CF} = {33914348-8B86-4972-9F34-FE91FB407E38}
		{F74676E7-C3C1-4EA7-9810-5E0616B06593} = {33914348-8B86-4972-9F34-FE91FB407E38}
		{FDE5408D-9B37-43DB-A262-B70E0A7B3EE9} = {33914348-8B86-4972-9F34-FE91FB407E38}
		{02ED5E6B-9F32-4149-A362-F2F698FB1A21} = {33914348-8B86-4972-9F34-FE91FB407E38}
		{03D278FE-EB3D-46C6-8E54-C7889ED0BC23} = {33914348-8B86-4972-9F34-FE91FB407E38}
		{24B023ED-CBE5-4CA6-A8DB-E7601FB05AA0} = {33914348-8B86-4972-9F34-FE91FB407E38}
		{28BB558C-EEDA-4658-8984-3E7C0EDEA028} = {33914348-8B86-4972-9F34-FE91FB407E38}
		{6F17CBA5-8B7E-4E57-BF52-E1A125B0FFBC} = {F2CAC178-16D8-4C03-8CA1-A6CE4CDB17E4}
		{909377E2-C610-47D6-8E66-A34BB2D37B16} = {F2CAC178-16D8-4C03-8CA1-A6CE4CDB17E4}
		{F66B4E23-26C2-46DD-9CB6-B7F19D1D3064} = {F2CAC178-16D8-4C03-8CA1-A6CE4CDB17E4}
		{34B8E9A7-70F0-483F-97FF-C5196811511A} = {F2CAC178-16D8-4C03-8CA1-A6CE4CDB17E4}
		{864DA00F-85C0-4D0D-A597-3D1EF8C37614} = {F2CAC178-16D8-4C03-8CA1-A6CE4CDB17E4}
		{D08C49BE-9776-4354-AC8D-186A4A282610} = {F2CAC178-16D8-4C03-8CA1-A6CE4CDB17E4}
		{2B5CB846-8949-492D-BF02-601C39E0D21F} = {F2CAC178-16D8-4C03-8CA1-A6CE4CDB17E4}
		{FFC84D8D-F4E3-41E1-953D-58D2223EF78C} = {F2CAC178-16D8-4C03-8CA1-A6CE4CDB17E4}
	EndGlobalSection
	GlobalSection(ExtensibilityGlobals) = postSolution
		SolutionGuid = {4D6779D5-72B4-405D-90CD-095181C23A63}
	EndGlobalSection
EndGlobal
